<?xml version="1.0" encoding="utf-8"?>
<Project ToolsVersion="4.0" xmlns="http://schemas.microsoft.com/developer/msbuild/2003">
  <ItemGroup>
    <Filter Include="Source files">
      <UniqueIdentifier>{8cde672a-e400-449f-bd9f-22341d266915}</UniqueIdentifier>
      <Extensions>cpp;c;cc;cxx;def;odl;idl;hpj;bat;asm;asmx</Extensions>
    </Filter>
    <Filter Include="Header files">
      <UniqueIdentifier>{3f407a34-bb5d-4153-97c2-e3345690b8a6}</UniqueIdentifier>
      <Extensions>h;hpp;hxx;hm;inl;inc;xsd</Extensions>
    </Filter>
    <Filter Include="Resource files">
      <UniqueIdentifier>{14e12683-d1e7-4e71-9740-697d6731ac2f}</UniqueIdentifier>
      <Extensions>rc;ico;cur;bmp;dlg;rc2;rct;bin;rgs;gif;jpg;jpeg;jpe;resx;tiff;tif;png;wav</Extensions>
    </Filter>
    <Filter Include="VisualGDB settings">
      <UniqueIdentifier>{a41e2105-c490-464e-beea-4c83f76ad7ba}</UniqueIdentifier>
      <Extensions>*.vgdbsettings</Extensions>
    </Filter>
  </ItemGroup>
  <ItemGroup>
    <ClCompile Include="Rtmp.cpp">
      <Filter>Source files</Filter>
    </ClCompile>
  </ItemGroup>
  <ItemGroup>
    <Text Include="CMakeLists.txt">
      <Filter>Source files</Filter>
    </Text>
  </ItemGroup>
  <ItemGroup>
    <None Include="Rtmp-Debug.vgdbsettings">
      <Filter>VisualGDB settings</Filter>
    </None>
    <None Include="Rtmp-Release.vgdbsettings">
      <Filter>VisualGDB settings</Filter>
    </None>
  </ItemGroup>
  <ItemGroup>
    <ClInclude Include="include\librtmp\amf.h">
      <Filter>Header files</Filter>
    </ClInclude>
    <ClInclude Include="include\librtmp\http.h">
      <Filter>Header files</Filter>
    </ClInclude>
    <ClInclude Include="include\librtmp\log.h">
      <Filter>Header files</Filter>
    </ClInclude>
    <ClInclude Include="include\librtmp\rtmp.h">
      <Filter>Header files</Filter>
    </ClInclude>
    <ClInclude Include="include\librtmp\rtmp_sys.h">
      <Filter>Header files</Filter>
    </ClInclude>
  </ItemGroup>
</Project>